
Microsoft Visual Studio Solution File, Format Version 11.00
# Visual Studio 2010
Project("{FAE04EC0-301F-11D3-BF4B-00C04F79EFBC}") = "Assembly-CSharp", "Assembly-CSharp.csproj", "{75DE7819-A1F8-70E5-0C95-81EDEA41E352}"
EndProject
Project("{FAE04EC0-301F-11D3-BF4B-00C04F79EFBC}") = "Assembly-CSharp-Editor", "Assembly-CSharp-Editor.csproj", "{C99ED62B-2F40-65D0-273D-0D6E8CE716B8}"
EndProject
Global
	GlobalSection(SolutionConfigurationPlatforms) = preSolution
		Debug|Any CPU = Debug|Any CPU
		Release|Any CPU = Release|Any CPU
	EndGlobalSection
	GlobalSection(ProjectConfigurationPlatforms) = postSolution
		{75DE7819-A1F8-70E5-0C95-81EDEA41E352}.Debug|Any CPU.ActiveCfg = Debug|Any CPU
		{75DE7819-A1F8-70E5-0C95-81EDEA41E352}.Debug|Any CPU.Build.0 = Debug|Any CPU
		{75DE7819-A1F8-70E5-0C95-81EDEA41E352}.Release|Any CPU.ActiveCfg = Release|Any CPU
		{75DE7819-A1F8-70E5-0C95-81EDEA41E352}.Release|Any CPU.Build.0 = Release|Any CPU
		{C99ED62B-2F40-65D0-273D-0D6E8CE716B8}.Debug|Any CPU.ActiveCfg = Debug|Any CPU
		{C99ED62B-2F40-65D0-273D-0D6E8CE716B8}.Debug|Any CPU.Build.0 = Debug|Any CPU
		{C99ED62B-2F40-65D0-273D-0D6E8CE716B8}.Release|Any CPU.ActiveCfg = Release|Any CPU
		{C99ED62B-2F40-65D0-273D-0D6E8CE716B8}.Release|Any CPU.Build.0 = Release|Any CPU
	EndGlobalSection
	GlobalSection(SolutionProperties) = preSolution
		HideSolutionNode = FALSE
	EndGlobalSection
	GlobalSection(MonoDevelopProperties) = preSolution
		StartupItem = Assembly-CSharp.csproj
	EndGlobalSection
EndGlobal
